{
  "version": 4,
  "terraform_version": "1.14.3",
  "serial": 5,
  "lineage": "5b9c3970-b110-1ef4-c401-7cdb3d5bf767",
  "outputs": {
    "iam_policy_arn": {
      "value": "arn:aws:iam::814147156565:policy/video-processing-worker-policy",
      "type": "string"
    },
    "iam_role_arn": {
      "value": "arn:aws:iam::814147156565:role/video-processing-worker-role",
      "type": "string"
    },
    "iam_role_name": {
      "value": "video-processing-worker-role",
      "type": "string"
    },
    "service_account_name": {
      "value": "video-processing-worker-sa",
      "type": "string"
    },
    "service_account_namespace": {
      "value": "fase5-video-processing-worker",
      "type": "string"
    }
  },
  "resources": [
    {
      "mode": "data",
      "type": "aws_caller_identity",
      "name": "current",
      "provider": "provider[\"registry.terraform.io/hashicorp/aws\"]",
      "instances": [
        {
          "schema_version": 0,
          "attributes": {
            "account_id": "814147156565",
            "arn": "arn:aws:iam::814147156565:user/terraform-user",
            "id": "814147156565",
            "user_id": "AIDA33DXTXJKXFRFJZHBN"
          },
          "sensitive_attributes": [],
          "identity_schema_version": 0
        }
      ]
    },
    {
      "mode": "data",
      "type": "aws_eks_cluster",
      "name": "cluster",
      "provider": "provider[\"registry.terraform.io/hashicorp/aws\"]",
      "instances": [
        {
          "schema_version": 0,
          "attributes": {
            "access_config": [
              {
                "authentication_mode": "CONFIG_MAP",
                "bootstrap_cluster_creator_admin_permissions": true
              }
            ],
            "arn": "arn:aws:eks:us-east-1:814147156565:cluster/fase5-video-processing-infra-eks-cluster",
            "certificate_authority": [
              {
                "data": "LS0tLS1CRUdJTiBDRVJUSUZJQ0FURS0tLS0tCk1JSURCVENDQWUyZ0F3SUJBZ0lJVU1COWkzaXhxL2d3RFFZSktvWklodmNOQVFFTEJRQXdGVEVUTUJFR0ExVUUKQXhNS2EzVmlaWEp1WlhSbGN6QWVGdzB5TmpBeU1EVXlNelUzTWpKYUZ3MHpOakF5TURRd01EQXlNakphTUJVeApFekFSQmdOVkJBTVRDbXQxWW1WeWJtVjBaWE13Z2dFaU1BMEdDU3FHU0liM0RRRUJBUVVBQTRJQkR3QXdnZ0VLCkFvSUJBUURDanBsTWFDV1l5ekFsSXZSWVlNVitQOGtpc2YrcnM2NDliMGxPOUtNNDZhUEE5L0lxUGJuRDc5alcKcDdWKzFJckhmNXhnN0xULyt0U2lhOGhqN1lxTUdiYTNtc2JiMHZJeEE3MzhRbFU5VDJpRUY0ZnVKNFNiVGIyQQpxaElSbFZFUWllNnE0ZlZBbFdxcklHSmRaR25ndzBURDJ6Q1dFWjJLT09LNCtmbzFNRVJLay9zaGVRVVNjZmFTCjhaR1ozY2RVNmlKMzMvenZLbTdqaDZEM3pDWU1iRjNGNnZHQXZVNU42cHd5byttRnlMREI2WlFwWnBteEdPQXkKRGVwdHE2QTZwUmtNRGZUc05JNjA0Y2FFenZFeDQ3bXlvcmF5MmErdHZVd3NESitKUkNwRjhaZkl0UVI0VllpWAplZEF0NlRnY1loNXZuTG1OVmxFRkdFZXhocERQQWdNQkFBR2pXVEJYTUE0R0ExVWREd0VCL3dRRUF3SUNwREFQCkJnTlZIUk1CQWY4RUJUQURBUUgvTUIwR0ExVWREZ1FXQkJTa2Z3TG11YXNXR2srMVRuMnl3VlNtbDBWMnlqQVYKQmdOVkhSRUVEakFNZ2dwcmRXSmxjbTVsZEdWek1BMEdDU3FHU0liM0RRRUJDd1VBQTRJQkFRQjFNVVllRXIwKwpwalNrN0tHUWRQZ0E3SDVWS0JMenpQTDY3bFplVzB4UjUwcG9sQmZFcEM2K1Q5ZVIzTDI3TjVLbkFGcUtVQUxPCjZlbThIUVIybUlyNStFWVlCRmFxZUhuaEVoazZDeGlFZEVCbDRGVkFtVi9kTURvcWMrdjZSWDJXQllUMnpRTG0Kd2k4aU5ONUV4bWNhODdlblI3R2tqZEpnZnJUMjVYQUdpRXJTZGszczVnSCtGbFpqalV4QTZFT1d6dndlWWVsbQpEVnFvbGRTYWtnK0wvVmhCQ0laQ3U5RjA2T1lSRDhWb2lwL0VXTWlTcXFzUm1WNGlKS0lkaFo5K3RsUFhQSDNtCllIc1RtVDR2WWJpdDB4aXNsbnZpUDViSlYwUTkrZWMyNUxPcEtTYmZpMHNWMEMyNDUxVzJ6dEQ5dlU1WlhuNEcKemVodDBqS2xJV1dXCi0tLS0tRU5EIENFUlRJRklDQVRFLS0tLS0K"
              }
            ],
            "cluster_id": null,
            "compute_config": [
              {
                "enabled": false,
                "node_pools": [],
                "node_role_arn": ""
              }
            ],
            "created_at": "2026-02-05T23:56:26Z",
            "enabled_cluster_log_types": [],
            "endpoint": "https://B28AEEE68078ADE697AE7391F9985F96.gr7.us-east-1.eks.amazonaws.com",
            "id": "fase5-video-processing-infra-eks-cluster",
            "identity": [
              {
                "oidc": [
                  {
                    "issuer": "https://oidc.eks.us-east-1.amazonaws.com/id/B28AEEE68078ADE697AE7391F9985F96"
                  }
                ]
              }
            ],
            "kubernetes_network_config": [
              {
                "elastic_load_balancing": [
                  {
                    "enabled": false
                  }
                ],
                "ip_family": "ipv4",
                "service_ipv4_cidr": "172.20.0.0/16",
                "service_ipv6_cidr": ""
              }
            ],
            "name": "fase5-video-processing-infra-eks-cluster",
            "outpost_config": [],
            "platform_version": "eks.13",
            "remote_network_config": [],
            "role_arn": "arn:aws:iam::814147156565:role/fase5-video-processing-infra-eks-node-role",
            "status": "ACTIVE",
            "storage_config": [
              {
                "block_storage": [
                  {
                    "enabled": false
                  }
                ]
              }
            ],
            "tags": {
              "Project": "fase5-video-processing-infra",
              "Team": "mfa",
              "Terraform": "true"
            },
            "upgrade_policy": [
              {
                "support_type": "EXTENDED"
              }
            ],
            "version": "1.34",
            "vpc_config": [
              {
                "cluster_security_group_id": "sg-003f787a6d84cf30b",
                "endpoint_private_access": true,
                "endpoint_public_access": true,
                "public_access_cidrs": [
                  "0.0.0.0/0"
                ],
                "security_group_ids": [],
                "subnet_ids": [
                  "subnet-034d78e8f3c3e0fe4",
                  "subnet-0808981dcfb8b2e25",
                  "subnet-097af7d70c98d24e2"
                ],
                "vpc_id": "vpc-02765174c6bf37e8c"
              }
            ],
            "zonal_shift_config": []
          },
          "sensitive_attributes": [],
          "identity_schema_version": 0
        }
      ]
    },
    {
      "mode": "data",
      "type": "aws_eks_cluster_auth",
      "name": "cluster",
      "provider": "provider[\"registry.terraform.io/hashicorp/aws\"]",
      "instances": [
        {
          "schema_version": 0,
          "attributes": {
            "id": "fase5-video-processing-infra-eks-cluster",
            "name": "fase5-video-processing-infra-eks-cluster",
            "token": "k8s-aws-v1.aHR0cHM6Ly9zdHMudXMtZWFzdC0xLmFtYXpvbmF3cy5jb20vP0FjdGlvbj1HZXRDYWxsZXJJZGVudGl0eSZWZXJzaW9uPTIwMTEtMDYtMTUmWC1BbXotQWxnb3JpdGhtPUFXUzQtSE1BQy1TSEEyNTYmWC1BbXotQ3JlZGVudGlhbD1BS0lBMzNEWFRYSktUQ05KVlZXVSUyRjIwMjYwMjA2JTJGdXMtZWFzdC0xJTJGc3RzJTJGYXdzNF9yZXF1ZXN0JlgtQW16LURhdGU9MjAyNjAyMDZUMDQyNTE3WiZYLUFtei1FeHBpcmVzPTAmWC1BbXotU2lnbmVkSGVhZGVycz1ob3N0JTNCeC1rOHMtYXdzLWlkJlgtQW16LVNpZ25hdHVyZT1iYjc5OWNhYzk1Njk2ZDRiYzRhNTU1NmNlYmU0ZDMxMzkzODhlZTE0MGJjNjUzMzcyM2IwNmMxNDBmNjc3Njll"
          },
          "sensitive_attributes": [
            [
              {
                "type": "get_attr",
                "value": "token"
              }
            ]
          ],
          "identity_schema_version": 0
        }
      ]
    },
    {
      "mode": "data",
      "type": "aws_iam_openid_connect_provider",
      "name": "eks",
      "provider": "provider[\"registry.terraform.io/hashicorp/aws\"]",
      "instances": [
        {
          "schema_version": 0,
          "attributes": {
            "arn": "arn:aws:iam::814147156565:oidc-provider/oidc.eks.us-east-1.amazonaws.com/id/B28AEEE68078ADE697AE7391F9985F96",
            "client_id_list": [
              "sts.amazonaws.com"
            ],
            "id": "arn:aws:iam::814147156565:oidc-provider/oidc.eks.us-east-1.amazonaws.com/id/B28AEEE68078ADE697AE7391F9985F96",
            "tags": {
              "Project": "fase5-video-processing-infra",
              "Team": "mfa",
              "Terraform": "true"
            },
            "thumbprint_list": [
              "06b25927c42a721631c1efd9431e648fa62e1e39"
            ],
            "url": "oidc.eks.us-east-1.amazonaws.com/id/B28AEEE68078ADE697AE7391F9985F96"
          },
          "sensitive_attributes": [],
          "identity_schema_version": 0
        }
      ]
    },
    {
      "mode": "data",
      "type": "aws_iam_policy_document",
      "name": "irsa_trust_policy",
      "provider": "provider[\"registry.terraform.io/hashicorp/aws\"]",
      "instances": [
        {
          "schema_version": 0,
          "attributes": {
            "id": "2549564490",
            "json": "{\n  \"Version\": \"2012-10-17\",\n  \"Statement\": [\n    {\n      \"Effect\": \"Allow\",\n      \"Action\": \"sts:AssumeRoleWithWebIdentity\",\n      \"Principal\": {\n        \"Federated\": \"arn:aws:iam::814147156565:oidc-provider/oidc.eks.us-east-1.amazonaws.com/id/B28AEEE68078ADE697AE7391F9985F96\"\n      },\n      \"Condition\": {\n        \"StringEquals\": {\n          \"oidc.eks.us-east-1.amazonaws.com/id/B28AEEE68078ADE697AE7391F9985F96:aud\": \"sts.amazonaws.com\",\n          \"oidc.eks.us-east-1.amazonaws.com/id/B28AEEE68078ADE697AE7391F9985F96:sub\": \"system:serviceaccount:fase5-video-processing-worker:video-processing-worker-sa\"\n        }\n      }\n    }\n  ]\n}",
            "minified_json": "{\"Version\":\"2012-10-17\",\"Statement\":[{\"Effect\":\"Allow\",\"Action\":\"sts:AssumeRoleWithWebIdentity\",\"Principal\":{\"Federated\":\"arn:aws:iam::814147156565:oidc-provider/oidc.eks.us-east-1.amazonaws.com/id/B28AEEE68078ADE697AE7391F9985F96\"},\"Condition\":{\"StringEquals\":{\"oidc.eks.us-east-1.amazonaws.com/id/B28AEEE68078ADE697AE7391F9985F96:aud\":\"sts.amazonaws.com\",\"oidc.eks.us-east-1.amazonaws.com/id/B28AEEE68078ADE697AE7391F9985F96:sub\":\"system:serviceaccount:fase5-video-processing-worker:video-processing-worker-sa\"}}}]}",
            "override_json": null,
            "override_policy_documents": null,
            "policy_id": null,
            "source_json": null,
            "source_policy_documents": null,
            "statement": [
              {
                "actions": [
                  "sts:AssumeRoleWithWebIdentity"
                ],
                "condition": [
                  {
                    "test": "StringEquals",
                    "values": [
                      "sts.amazonaws.com"
                    ],
                    "variable": "oidc.eks.us-east-1.amazonaws.com/id/B28AEEE68078ADE697AE7391F9985F96:aud"
                  },
                  {
                    "test": "StringEquals",
                    "values": [
                      "system:serviceaccount:fase5-video-processing-worker:video-processing-worker-sa"
                    ],
                    "variable": "oidc.eks.us-east-1.amazonaws.com/id/B28AEEE68078ADE697AE7391F9985F96:sub"
                  }
                ],
                "effect": "Allow",
                "not_actions": [],
                "not_principals": [],
                "not_resources": [],
                "principals": [
                  {
                    "identifiers": [
                      "arn:aws:iam::814147156565:oidc-provider/oidc.eks.us-east-1.amazonaws.com/id/B28AEEE68078ADE697AE7391F9985F96"
                    ],
                    "type": "Federated"
                  }
                ],
                "resources": [],
                "sid": ""
              }
            ],
            "version": "2012-10-17"
          },
          "sensitive_attributes": [],
          "identity_schema_version": 0
        }
      ]
    },
    {
      "mode": "data",
      "type": "aws_iam_policy_document",
      "name": "video_processing_worker_policy",
      "provider": "provider[\"registry.terraform.io/hashicorp/aws\"]",
      "instances": [
        {
          "schema_version": 0,
          "attributes": {
            "id": "1704260439",
            "json": "{\n  \"Version\": \"2012-10-17\",\n  \"Statement\": [\n    {\n      \"Sid\": \"SQSPermissions\",\n      \"Effect\": \"Allow\",\n      \"Action\": [\n        \"sqs:ReceiveMessage\",\n        \"sqs:GetQueueUrl\",\n        \"sqs:GetQueueAttributes\",\n        \"sqs:DeleteMessage\",\n        \"sqs:ChangeMessageVisibility\"\n      ],\n      \"Resource\": \"arn:aws:sqs:us-east-1:814147156565:fase5-video-processing-queue\"\n    },\n    {\n      \"Sid\": \"S3ReadWritePermissions\",\n      \"Effect\": \"Allow\",\n      \"Action\": [\n        \"s3:PutObject\",\n        \"s3:ListBucket\",\n        \"s3:GetObject\",\n        \"s3:DeleteObject\"\n      ],\n      \"Resource\": [\n        \"arn:aws:s3:::fiap-videos/*\",\n        \"arn:aws:s3:::fiap-videos\"\n      ]\n    },\n    {\n      \"Sid\": \"DynamoDBPermissions\",\n      \"Effect\": \"Allow\",\n      \"Action\": [\n        \"dynamodb:UpdateItem\",\n        \"dynamodb:Scan\",\n        \"dynamodb:Query\",\n        \"dynamodb:PutItem\",\n        \"dynamodb:GetItem\"\n      ],\n      \"Resource\": \"arn:aws:dynamodb:us-east-1:814147156565:table/fase5-video-processing\"\n    },\n    {\n      \"Sid\": \"CloudWatchLogsPermissions\",\n      \"Effect\": \"Allow\",\n      \"Action\": [\n        \"logs:PutLogEvents\",\n        \"logs:CreateLogStream\",\n        \"logs:CreateLogGroup\"\n      ],\n      \"Resource\": \"arn:aws:logs:us-east-1:814147156565:log-group:/aws/eks/fase5-video-processing-infra-eks-cluster/*\"\n    }\n  ]\n}",
            "minified_json": "{\"Version\":\"2012-10-17\",\"Statement\":[{\"Sid\":\"SQSPermissions\",\"Effect\":\"Allow\",\"Action\":[\"sqs:ReceiveMessage\",\"sqs:GetQueueUrl\",\"sqs:GetQueueAttributes\",\"sqs:DeleteMessage\",\"sqs:ChangeMessageVisibility\"],\"Resource\":\"arn:aws:sqs:us-east-1:814147156565:fase5-video-processing-queue\"},{\"Sid\":\"S3ReadWritePermissions\",\"Effect\":\"Allow\",\"Action\":[\"s3:PutObject\",\"s3:ListBucket\",\"s3:GetObject\",\"s3:DeleteObject\"],\"Resource\":[\"arn:aws:s3:::fiap-videos/*\",\"arn:aws:s3:::fiap-videos\"]},{\"Sid\":\"DynamoDBPermissions\",\"Effect\":\"Allow\",\"Action\":[\"dynamodb:UpdateItem\",\"dynamodb:Scan\",\"dynamodb:Query\",\"dynamodb:PutItem\",\"dynamodb:GetItem\"],\"Resource\":\"arn:aws:dynamodb:us-east-1:814147156565:table/fase5-video-processing\"},{\"Sid\":\"CloudWatchLogsPermissions\",\"Effect\":\"Allow\",\"Action\":[\"logs:PutLogEvents\",\"logs:CreateLogStream\",\"logs:CreateLogGroup\"],\"Resource\":\"arn:aws:logs:us-east-1:814147156565:log-group:/aws/eks/fase5-video-processing-infra-eks-cluster/*\"}]}",
            "override_json": null,
            "override_policy_documents": null,
            "policy_id": null,
            "source_json": null,
            "source_policy_documents": null,
            "statement": [
              {
                "actions": [
                  "sqs:ChangeMessageVisibility",
                  "sqs:DeleteMessage",
                  "sqs:GetQueueAttributes",
                  "sqs:GetQueueUrl",
                  "sqs:ReceiveMessage"
                ],
                "condition": [],
                "effect": "Allow",
                "not_actions": [],
                "not_principals": [],
                "not_resources": [],
                "principals": [],
                "resources": [
                  "arn:aws:sqs:us-east-1:814147156565:fase5-video-processing-queue"
                ],
                "sid": "SQSPermissions"
              },
              {
                "actions": [
                  "s3:DeleteObject",
                  "s3:GetObject",
                  "s3:ListBucket",
                  "s3:PutObject"
                ],
                "condition": [],
                "effect": "Allow",
                "not_actions": [],
                "not_principals": [],
                "not_resources": [],
                "principals": [],
                "resources": [
                  "arn:aws:s3:::fiap-videos",
                  "arn:aws:s3:::fiap-videos/*"
                ],
                "sid": "S3ReadWritePermissions"
              },
              {
                "actions": [
                  "dynamodb:GetItem",
                  "dynamodb:PutItem",
                  "dynamodb:Query",
                  "dynamodb:Scan",
                  "dynamodb:UpdateItem"
                ],
                "condition": [],
                "effect": "Allow",
                "not_actions": [],
                "not_principals": [],
                "not_resources": [],
                "principals": [],
                "resources": [
                  "arn:aws:dynamodb:us-east-1:814147156565:table/fase5-video-processing"
                ],
                "sid": "DynamoDBPermissions"
              },
              {
                "actions": [
                  "logs:CreateLogGroup",
                  "logs:CreateLogStream",
                  "logs:PutLogEvents"
                ],
                "condition": [],
                "effect": "Allow",
                "not_actions": [],
                "not_principals": [],
                "not_resources": [],
                "principals": [],
                "resources": [
                  "arn:aws:logs:us-east-1:814147156565:log-group:/aws/eks/fase5-video-processing-infra-eks-cluster/*"
                ],
                "sid": "CloudWatchLogsPermissions"
              }
            ],
            "version": "2012-10-17"
          },
          "sensitive_attributes": [],
          "identity_schema_version": 0
        }
      ]
    },
    {
      "mode": "managed",
      "type": "aws_iam_policy",
      "name": "video_processing_worker",
      "provider": "provider[\"registry.terraform.io/hashicorp/aws\"]",
      "instances": [
        {
          "schema_version": 0,
          "attributes": {
            "arn": "arn:aws:iam::814147156565:policy/video-processing-worker-policy",
            "attachment_count": 0,
            "description": "Policy para o video processing worker acessar SQS, S3, DynamoDB e SNS",
            "id": "arn:aws:iam::814147156565:policy/video-processing-worker-policy",
            "name": "video-processing-worker-policy",
            "name_prefix": "",
            "path": "/",
            "policy": "{\"Statement\":[{\"Action\":[\"sqs:ReceiveMessage\",\"sqs:GetQueueUrl\",\"sqs:GetQueueAttributes\",\"sqs:DeleteMessage\",\"sqs:ChangeMessageVisibility\"],\"Effect\":\"Allow\",\"Resource\":\"arn:aws:sqs:us-east-1:814147156565:fase5-video-processing-queue\",\"Sid\":\"SQSPermissions\"},{\"Action\":[\"s3:PutObject\",\"s3:ListBucket\",\"s3:GetObject\",\"s3:DeleteObject\"],\"Effect\":\"Allow\",\"Resource\":[\"arn:aws:s3:::fiap-videos/*\",\"arn:aws:s3:::fiap-videos\"],\"Sid\":\"S3ReadWritePermissions\"},{\"Action\":[\"dynamodb:UpdateItem\",\"dynamodb:Scan\",\"dynamodb:Query\",\"dynamodb:PutItem\",\"dynamodb:GetItem\"],\"Effect\":\"Allow\",\"Resource\":\"arn:aws:dynamodb:us-east-1:814147156565:table/fase5-video-processing\",\"Sid\":\"DynamoDBPermissions\"},{\"Action\":[\"logs:PutLogEvents\",\"logs:CreateLogStream\",\"logs:CreateLogGroup\"],\"Effect\":\"Allow\",\"Resource\":\"arn:aws:logs:us-east-1:814147156565:log-group:/aws/eks/fase5-video-processing-infra-eks-cluster/*\",\"Sid\":\"CloudWatchLogsPermissions\"}],\"Version\":\"2012-10-17\"}",
            "policy_id": "ANPA33DXTXJK3VUNIY5RR",
            "tags": {
              "Environment": "production",
              "ManagedBy": "terraform",
              "Name": "video-processing-worker-policy"
            },
            "tags_all": {
              "Environment": "production",
              "ManagedBy": "terraform",
              "Name": "video-processing-worker-policy"
            }
          },
          "sensitive_attributes": [],
          "identity_schema_version": 0,
          "private": "bnVsbA==",
          "dependencies": [
            "data.aws_caller_identity.current",
            "data.aws_iam_policy_document.video_processing_worker_policy"
          ]
        }
      ]
    },
    {
      "mode": "managed",
      "type": "aws_iam_role",
      "name": "video_processing_worker",
      "provider": "provider[\"registry.terraform.io/hashicorp/aws\"]",
      "instances": [
        {
          "schema_version": 0,
          "attributes": {
            "arn": "arn:aws:iam::814147156565:role/video-processing-worker-role",
            "assume_role_policy": "{\"Statement\":[{\"Action\":\"sts:AssumeRoleWithWebIdentity\",\"Condition\":{\"StringEquals\":{\"oidc.eks.us-east-1.amazonaws.com/id/B28AEEE68078ADE697AE7391F9985F96:aud\":\"sts.amazonaws.com\",\"oidc.eks.us-east-1.amazonaws.com/id/B28AEEE68078ADE697AE7391F9985F96:sub\":\"system:serviceaccount:fase5-video-processing-worker:video-processing-worker-sa\"}},\"Effect\":\"Allow\",\"Principal\":{\"Federated\":\"arn:aws:iam::814147156565:oidc-provider/oidc.eks.us-east-1.amazonaws.com/id/B28AEEE68078ADE697AE7391F9985F96\"}}],\"Version\":\"2012-10-17\"}",
            "create_date": "2026-02-06T04:25:15Z",
            "description": "",
            "force_detach_policies": false,
            "id": "video-processing-worker-role",
            "inline_policy": [],
            "managed_policy_arns": [],
            "max_session_duration": 3600,
            "name": "video-processing-worker-role",
            "name_prefix": "",
            "path": "/",
            "permissions_boundary": "",
            "tags": {
              "Environment": "production",
              "ManagedBy": "terraform",
              "Name": "video-processing-worker-role"
            },
            "tags_all": {
              "Environment": "production",
              "ManagedBy": "terraform",
              "Name": "video-processing-worker-role"
            },
            "unique_id": "AROA33DXTXJK3CICHL4D2"
          },
          "sensitive_attributes": [],
          "identity_schema_version": 0,
          "private": "bnVsbA==",
          "dependencies": [
            "data.aws_eks_cluster.cluster",
            "data.aws_iam_openid_connect_provider.eks",
            "data.aws_iam_policy_document.irsa_trust_policy"
          ]
        }
      ]
    },
    {
      "mode": "managed",
      "type": "aws_iam_role_policy_attachment",
      "name": "video_processing_worker",
      "provider": "provider[\"registry.terraform.io/hashicorp/aws\"]",
      "instances": [
        {
          "schema_version": 0,
          "attributes": {
            "id": "video-processing-worker-role-20260206042521512300000001",
            "policy_arn": "arn:aws:iam::814147156565:policy/video-processing-worker-policy",
            "role": "video-processing-worker-role"
          },
          "sensitive_attributes": [],
          "identity_schema_version": 0,
          "private": "bnVsbA==",
          "dependencies": [
            "aws_iam_policy.video_processing_worker",
            "aws_iam_role.video_processing_worker",
            "data.aws_caller_identity.current",
            "data.aws_eks_cluster.cluster",
            "data.aws_iam_openid_connect_provider.eks",
            "data.aws_iam_policy_document.irsa_trust_policy",
            "data.aws_iam_policy_document.video_processing_worker_policy"
          ]
        }
      ]
    },
    {
      "mode": "managed",
      "type": "kubernetes_service_account",
      "name": "video_processing_worker",
      "provider": "provider[\"registry.terraform.io/hashicorp/kubernetes\"]",
      "instances": [
        {
          "schema_version": 0,
          "attributes": {
            "automount_service_account_token": true,
            "default_secret_name": "",
            "id": "fase5-video-processing-worker/video-processing-worker-sa",
            "image_pull_secret": [],
            "metadata": [
              {
                "annotations": {
                  "eks.amazonaws.com/role-arn": "arn:aws:iam::814147156565:role/video-processing-worker-role"
                },
                "generate_name": "",
                "generation": 0,
                "labels": {
                  "app": "video-processing-worker",
                  "component": "worker"
                },
                "name": "video-processing-worker-sa",
                "namespace": "fase5-video-processing-worker",
                "resource_version": "50383",
                "uid": "55dfc95d-c9f5-4c80-99d5-02c0398050e0"
              }
            ],
            "secret": [],
            "timeouts": null
          },
          "sensitive_attributes": [],
          "identity_schema_version": 1,
          "identity": {
            "api_version": "v1",
            "kind": "ServiceAccount",
            "name": "video-processing-worker-sa",
            "namespace": "fase5-video-processing-worker"
          },
          "private": "eyJlMmJmYjczMC1lY2FhLTExZTYtOGY4OC0zNDM2M2JjN2M0YzAiOnsiY3JlYXRlIjozMDAwMDAwMDAwMH19",
          "dependencies": [
            "aws_iam_role.video_processing_worker",
            "data.aws_eks_cluster.cluster",
            "data.aws_eks_cluster_auth.cluster",
            "data.aws_iam_openid_connect_provider.eks",
            "data.aws_iam_policy_document.irsa_trust_policy"
          ]
        }
      ]
    }
  ],
  "check_results": null
}
